
Microsoft Visual Studio Solution File, Format Version 12.00
# Visual Studio Version 16
VisualStudioVersion = 16.0.32413.511
MinimumVisualStudioVersion = 10.0.40219.1
Project("{FAE04EC0-301F-11D3-BF4B-00C04F79EFBC}") = "MageQuitMod", "MageQuitMod\MageQuitMod.csproj", "{ED8E2CDF-D61E-4A91-9912-949EB9561B19}"
EndProject
Global
	GlobalSection(SolutionConfigurationPlatforms) = preSolution
		Debug|Any CPU = Debug|Any CPU
		Release|Any CPU = Release|Any CPU
	EndGlobalSection
	GlobalSection(ProjectConfigurationPlatforms) = postSolution
		{ED8E2CDF-D61E-4A91-9912-949EB9561B19}.Debug|Any CPU.ActiveCfg = Debug|Any CPU
		{ED8E2CDF-D61E-4A91-9912-949EB9561B19}.Debug|Any CPU.Build.0 = Debug|Any CPU
		{ED8E2CDF-D61E-4A91-9912-949EB9561B19}.Release|Any CPU.ActiveCfg = Release|Any CPU
		{ED8E2CDF-D61E-4A91-9912-949EB9561B19}.Release|Any CPU.Build.0 = Release|Any CPU
	EndGlobalSection
	GlobalSection(SolutionProperties) = preSolution
		HideSolutionNode = FALSE
	EndGlobalSection
	GlobalSection(ExtensibilityGlobals) = postSolution
		SolutionGuid = {33A5C474-AA52-453C-9661-5664B0422B47}
	EndGlobalSection
EndGlobal
